
Microsoft Visual Studio Solution File, Format Version 11.00
# Visual Studio 2010
Project("{DDBDF99A-6A8F-742E-0C46-E3C3CF9C46D4}") = "Jaudrey SPacE adVEntUrEs", "Assembly-UnityScript.unityproj", "{DFB4A631-FCA9-C0E2-5B26-348D9A240D86}"
EndProject
Project("{FAE04EC0-301F-11D3-BF4B-00C04F79EFBC}") = "Jaudrey SPacE adVEntUrEs", "Assembly-CSharp-Editor.csproj", "{5911C00D-3D3C-8778-A5C6-81833C031232}"
EndProject
Global
	GlobalSection(SolutionConfigurationPlatforms) = preSolution
		Debug|Any CPU = Debug|Any CPU
		Release|Any CPU = Release|Any CPU
	EndGlobalSection
	GlobalSection(ProjectConfigurationPlatforms) = postSolution
		{DFB4A631-FCA9-C0E2-5B26-348D9A240D86}.Debug|Any CPU.ActiveCfg = Debug|Any CPU
		{DFB4A631-FCA9-C0E2-5B26-348D9A240D86}.Debug|Any CPU.Build.0 = Debug|Any CPU
		{DFB4A631-FCA9-C0E2-5B26-348D9A240D86}.Release|Any CPU.ActiveCfg = Release|Any CPU
		{DFB4A631-FCA9-C0E2-5B26-348D9A240D86}.Release|Any CPU.Build.0 = Release|Any CPU
		{5911C00D-3D3C-8778-A5C6-81833C031232}.Debug|Any CPU.ActiveCfg = Debug|Any CPU
		{5911C00D-3D3C-8778-A5C6-81833C031232}.Debug|Any CPU.Build.0 = Debug|Any CPU
		{5911C00D-3D3C-8778-A5C6-81833C031232}.Release|Any CPU.ActiveCfg = Release|Any CPU
		{5911C00D-3D3C-8778-A5C6-81833C031232}.Release|Any CPU.Build.0 = Release|Any CPU
	EndGlobalSection
	GlobalSection(SolutionProperties) = preSolution
		HideSolutionNode = FALSE
	EndGlobalSection
	GlobalSection(MonoDevelopProperties) = preSolution
		StartupItem = Assembly-CSharp.csproj
	EndGlobalSection
EndGlobal
